
Microsoft Visual Studio Solution File, Format Version 12.00
# Visual Studio Version 16
VisualStudioVersion = 16.0.31025.194
MinimumVisualStudioVersion = 10.0.40219.1
Project("{FAE04EC0-301F-11D3-BF4B-00C04F79EFBC}") = "ChallengeOneUI", "ChallengeOneUI\ChallengeOneUI.csproj", "{46E04762-A9A9-4EB7-87D2-112472B75630}"
EndProject
Project("{FAE04EC0-301F-11D3-BF4B-00C04F79EFBC}") = "ChallengeOneRepo", "ChallengeOneRepo\ChallengeOneRepo.csproj", "{0BE10AA1-C740-4FE0-A396-2A61CF01F93C}"
EndProject
Project("{FAE04EC0-301F-11D3-BF4B-00C04F79EFBC}") = "ChallengeOneUnitTest", "ChallengeOneUnitTest\ChallengeOneUnitTest.csproj", "{8BF195F8-036E-44C8-8262-6879FD5854FB}"
EndProject
Global
	GlobalSection(SolutionConfigurationPlatforms) = preSolution
		Debug|Any CPU = Debug|Any CPU
		Release|Any CPU = Release|Any CPU
	EndGlobalSection
	GlobalSection(ProjectConfigurationPlatforms) = postSolution
		{46E04762-A9A9-4EB7-87D2-112472B75630}.Debug|Any CPU.ActiveCfg = Debug|Any CPU
		{46E04762-A9A9-4EB7-87D2-112472B75630}.Debug|Any CPU.Build.0 = Debug|Any CPU
		{46E04762-A9A9-4EB7-87D2-112472B75630}.Release|Any CPU.ActiveCfg = Release|Any CPU
		{46E04762-A9A9-4EB7-87D2-112472B75630}.Release|Any CPU.Build.0 = Release|Any CPU
		{0BE10AA1-C740-4FE0-A396-2A61CF01F93C}.Debug|Any CPU.ActiveCfg = Debug|Any CPU
		{0BE10AA1-C740-4FE0-A396-2A61CF01F93C}.Debug|Any CPU.Build.0 = Debug|Any CPU
		{0BE10AA1-C740-4FE0-A396-2A61CF01F93C}.Release|Any CPU.ActiveCfg = Release|Any CPU
		{0BE10AA1-C740-4FE0-A396-2A61CF01F93C}.Release|Any CPU.Build.0 = Release|Any CPU
		{8BF195F8-036E-44C8-8262-6879FD5854FB}.Debug|Any CPU.ActiveCfg = Debug|Any CPU
		{8BF195F8-036E-44C8-8262-6879FD5854FB}.Debug|Any CPU.Build.0 = Debug|Any CPU
		{8BF195F8-036E-44C8-8262-6879FD5854FB}.Release|Any CPU.ActiveCfg = Release|Any CPU
		{8BF195F8-036E-44C8-8262-6879FD5854FB}.Release|Any CPU.Build.0 = Release|Any CPU
	EndGlobalSection
	GlobalSection(SolutionProperties) = preSolution
		HideSolutionNode = FALSE
	EndGlobalSection
	GlobalSection(ExtensibilityGlobals) = postSolution
		SolutionGuid = {36FC54A6-F054-44FA-BD10-30BC3CAFDC75}
	EndGlobalSection
EndGlobal
