
Microsoft Visual Studio Solution File, Format Version 12.00
# Visual Studio Version 16
VisualStudioVersion = 16.0.31025.194
MinimumVisualStudioVersion = 10.0.40219.1
Project("{FAE04EC0-301F-11D3-BF4B-00C04F79EFBC}") = "ChallengeOneUI", "ChallengeOneUI\ChallengeOneUI.csproj", "{46E04762-A9A9-4EB7-87D2-112472B75630}"
EndProject
Project("{FAE04EC0-301F-11D3-BF4B-00C04F79EFBC}") = "ChallengeOneRepo", "ChallengeOneRepo\ChallengeOneRepo.csproj", "{0BE10AA1-C740-4FE0-A396-2A61CF01F93C}"
EndProject
Project("{FAE04EC0-301F-11D3-BF4B-00C04F79EFBC}") = "ChallengeOneUnitTest", "ChallengeOneUnitTest\ChallengeOneUnitTest.csproj", "{8BF195F8-036E-44C8-8262-6879FD5854FB}"
EndProject
Project("{FAE04EC0-301F-11D3-BF4B-00C04F79EFBC}") = "ChallengeTwoUI", "ChallengeTwoUI\ChallengeTwoUI.csproj", "{9CA304BB-66E3-4F5C-B665-D212BC69A733}"
EndProject
Project("{FAE04EC0-301F-11D3-BF4B-00C04F79EFBC}") = "ChallengeTwoRepo", "ChallengeTwoRepo\ChallengeTwoRepo.csproj", "{704E0485-F044-4C1B-8A2C-6169B491385B}"
EndProject
Project("{FAE04EC0-301F-11D3-BF4B-00C04F79EFBC}") = "ChallengeTwoUnitTest", "ChallengeTwoUnitTest\ChallengeTwoUnitTest.csproj", "{2A276CC2-9406-4C8E-97F7-A98950B8ADEB}"
EndProject
Project("{FAE04EC0-301F-11D3-BF4B-00C04F79EFBC}") = "ChallengeThreeUI", "ChallengeThreeUI\ChallengeThreeUI.csproj", "{C6553623-66F4-4FAA-BD7E-EDDAA3C16163}"
EndProject
Project("{FAE04EC0-301F-11D3-BF4B-00C04F79EFBC}") = "ChallengeThreeRepo", "ChallengeThreeRepo\ChallengeThreeRepo.csproj", "{7F0EBA15-6DD7-49FF-A0F1-609084D29F0C}"
EndProject
Project("{FAE04EC0-301F-11D3-BF4B-00C04F79EFBC}") = "ChallengeThreeUnitTest", "ChallengeThreeUnitTest\ChallengeThreeUnitTest.csproj", "{205AD42A-9DB9-4037-B928-EC290E42D50E}"
EndProject
Project("{FAE04EC0-301F-11D3-BF4B-00C04F79EFBC}") = "ChallengeFourUI", "ChallengeFourUI\ChallengeFourUI.csproj", "{9577E5D8-9289-4D54-8B9B-CDF3398BFFB4}"
EndProject
Project("{FAE04EC0-301F-11D3-BF4B-00C04F79EFBC}") = "ChallengeFourRepo", "ChallengeFourRepo\ChallengeFourRepo.csproj", "{6BC3AED4-0A98-4044-8B98-3B17FCA35F24}"
EndProject
Project("{FAE04EC0-301F-11D3-BF4B-00C04F79EFBC}") = "ChallengeFourUnitTest", "ChallengeFourUnitTest\ChallengeFourUnitTest.csproj", "{ADAEE1B4-D710-49CF-BBD3-E44EF7EDE2CF}"
EndProject
Global
	GlobalSection(SolutionConfigurationPlatforms) = preSolution
		Debug|Any CPU = Debug|Any CPU
		Release|Any CPU = Release|Any CPU
	EndGlobalSection
	GlobalSection(ProjectConfigurationPlatforms) = postSolution
		{46E04762-A9A9-4EB7-87D2-112472B75630}.Debug|Any CPU.ActiveCfg = Debug|Any CPU
		{46E04762-A9A9-4EB7-87D2-112472B75630}.Debug|Any CPU.Build.0 = Debug|Any CPU
		{46E04762-A9A9-4EB7-87D2-112472B75630}.Release|Any CPU.ActiveCfg = Release|Any CPU
		{46E04762-A9A9-4EB7-87D2-112472B75630}.Release|Any CPU.Build.0 = Release|Any CPU
		{0BE10AA1-C740-4FE0-A396-2A61CF01F93C}.Debug|Any CPU.ActiveCfg = Debug|Any CPU
		{0BE10AA1-C740-4FE0-A396-2A61CF01F93C}.Debug|Any CPU.Build.0 = Debug|Any CPU
		{0BE10AA1-C740-4FE0-A396-2A61CF01F93C}.Release|Any CPU.ActiveCfg = Release|Any CPU
		{0BE10AA1-C740-4FE0-A396-2A61CF01F93C}.Release|Any CPU.Build.0 = Release|Any CPU
		{8BF195F8-036E-44C8-8262-6879FD5854FB}.Debug|Any CPU.ActiveCfg = Debug|Any CPU
		{8BF195F8-036E-44C8-8262-6879FD5854FB}.Debug|Any CPU.Build.0 = Debug|Any CPU
		{8BF195F8-036E-44C8-8262-6879FD5854FB}.Release|Any CPU.ActiveCfg = Release|Any CPU
		{8BF195F8-036E-44C8-8262-6879FD5854FB}.Release|Any CPU.Build.0 = Release|Any CPU
		{9CA304BB-66E3-4F5C-B665-D212BC69A733}.Debug|Any CPU.ActiveCfg = Debug|Any CPU
		{9CA304BB-66E3-4F5C-B665-D212BC69A733}.Debug|Any CPU.Build.0 = Debug|Any CPU
		{9CA304BB-66E3-4F5C-B665-D212BC69A733}.Release|Any CPU.ActiveCfg = Release|Any CPU
		{9CA304BB-66E3-4F5C-B665-D212BC69A733}.Release|Any CPU.Build.0 = Release|Any CPU
		{704E0485-F044-4C1B-8A2C-6169B491385B}.Debug|Any CPU.ActiveCfg = Debug|Any CPU
		{704E0485-F044-4C1B-8A2C-6169B491385B}.Debug|Any CPU.Build.0 = Debug|Any CPU
		{704E0485-F044-4C1B-8A2C-6169B491385B}.Release|Any CPU.ActiveCfg = Release|Any CPU
		{704E0485-F044-4C1B-8A2C-6169B491385B}.Release|Any CPU.Build.0 = Release|Any CPU
		{2A276CC2-9406-4C8E-97F7-A98950B8ADEB}.Debug|Any CPU.ActiveCfg = Debug|Any CPU
		{2A276CC2-9406-4C8E-97F7-A98950B8ADEB}.Debug|Any CPU.Build.0 = Debug|Any CPU
		{2A276CC2-9406-4C8E-97F7-A98950B8ADEB}.Release|Any CPU.ActiveCfg = Release|Any CPU
		{2A276CC2-9406-4C8E-97F7-A98950B8ADEB}.Release|Any CPU.Build.0 = Release|Any CPU
		{C6553623-66F4-4FAA-BD7E-EDDAA3C16163}.Debug|Any CPU.ActiveCfg = Debug|Any CPU
		{C6553623-66F4-4FAA-BD7E-EDDAA3C16163}.Debug|Any CPU.Build.0 = Debug|Any CPU
		{C6553623-66F4-4FAA-BD7E-EDDAA3C16163}.Release|Any CPU.ActiveCfg = Release|Any CPU
		{C6553623-66F4-4FAA-BD7E-EDDAA3C16163}.Release|Any CPU.Build.0 = Release|Any CPU
		{7F0EBA15-6DD7-49FF-A0F1-609084D29F0C}.Debug|Any CPU.ActiveCfg = Debug|Any CPU
		{7F0EBA15-6DD7-49FF-A0F1-609084D29F0C}.Debug|Any CPU.Build.0 = Debug|Any CPU
		{7F0EBA15-6DD7-49FF-A0F1-609084D29F0C}.Release|Any CPU.ActiveCfg = Release|Any CPU
		{7F0EBA15-6DD7-49FF-A0F1-609084D29F0C}.Release|Any CPU.Build.0 = Release|Any CPU
		{205AD42A-9DB9-4037-B928-EC290E42D50E}.Debug|Any CPU.ActiveCfg = Debug|Any CPU
		{205AD42A-9DB9-4037-B928-EC290E42D50E}.Debug|Any CPU.Build.0 = Debug|Any CPU
		{205AD42A-9DB9-4037-B928-EC290E42D50E}.Release|Any CPU.ActiveCfg = Release|Any CPU
		{205AD42A-9DB9-4037-B928-EC290E42D50E}.Release|Any CPU.Build.0 = Release|Any CPU
		{9577E5D8-9289-4D54-8B9B-CDF3398BFFB4}.Debug|Any CPU.ActiveCfg = Debug|Any CPU
		{9577E5D8-9289-4D54-8B9B-CDF3398BFFB4}.Debug|Any CPU.Build.0 = Debug|Any CPU
		{9577E5D8-9289-4D54-8B9B-CDF3398BFFB4}.Release|Any CPU.ActiveCfg = Release|Any CPU
		{9577E5D8-9289-4D54-8B9B-CDF3398BFFB4}.Release|Any CPU.Build.0 = Release|Any CPU
		{6BC3AED4-0A98-4044-8B98-3B17FCA35F24}.Debug|Any CPU.ActiveCfg = Debug|Any CPU
		{6BC3AED4-0A98-4044-8B98-3B17FCA35F24}.Debug|Any CPU.Build.0 = Debug|Any CPU
		{6BC3AED4-0A98-4044-8B98-3B17FCA35F24}.Release|Any CPU.ActiveCfg = Release|Any CPU
		{6BC3AED4-0A98-4044-8B98-3B17FCA35F24}.Release|Any CPU.Build.0 = Release|Any CPU
		{ADAEE1B4-D710-49CF-BBD3-E44EF7EDE2CF}.Debug|Any CPU.ActiveCfg = Debug|Any CPU
		{ADAEE1B4-D710-49CF-BBD3-E44EF7EDE2CF}.Debug|Any CPU.Build.0 = Debug|Any CPU
		{ADAEE1B4-D710-49CF-BBD3-E44EF7EDE2CF}.Release|Any CPU.ActiveCfg = Release|Any CPU
		{ADAEE1B4-D710-49CF-BBD3-E44EF7EDE2CF}.Release|Any CPU.Build.0 = Release|Any CPU
	EndGlobalSection
	GlobalSection(SolutionProperties) = preSolution
		HideSolutionNode = FALSE
	EndGlobalSection
	GlobalSection(ExtensibilityGlobals) = postSolution
		SolutionGuid = {36FC54A6-F054-44FA-BD10-30BC3CAFDC75}
	EndGlobalSection
EndGlobal
